# THIS IS AN AUTOGENERATED FILE. DO NOT EDIT THIS FILE DIRECTLY.
# yarn lockfile v1


graphql-to-elm-package@^0.2.0:
  version "0.2.0"
  resolved "https://registry.yarnpkg.com/graphql-to-elm-package/-/graphql-to-elm-package-0.2.0.tgz#6ad9e68a1d6fb103a958b6e506cea4e274ddc08d"
  integrity sha512-6z35MhbvOsBbQhFFru5l69pjurmzfr5LKLGXqrMG2joijShvjjX3Ne7inpNknzDVDKverNAVHsv6P8Tjw4BM6w==

"graphql-to-elm@file:../..":
  version "0.7.0"
  dependencies:
    graphql-to-elm-package "^0.2.0"
    mkdirp "^0.5.1"

minimist@0.0.8:
  version "0.0.8"
  resolved "https://registry.yarnpkg.com/minimist/-/minimist-0.0.8.tgz#857fcabfc3397d2625b8228262e86aa7a011b05d"
  integrity sha1-hX/Kv8M5fSYluCKCYuhqp6ARsF0=

mkdirp@^0.5.1:
  version "0.5.1"
  resolved "https://registry.yarnpkg.com/mkdirp/-/mkdirp-0.5.1.tgz#30057438eac6cf7f8c4767f38648d6697d75c903"
  integrity sha1-MAV0OOrGz3+MR2fzhkjWaX11yQM=
  dependencies:
    minimist "0.0.8"
